// !$*UTF8*$!
{
	archiveVersion = 1;
	classes = {
	};
	objectVersion = 51;
	objects = {

/* Begin PBXBuildFile section */
		9F054E0B23FB2497002CBC20 /* KeychainManager.swift in Sources */ = {isa = PBXBuildFile; fileRef = 9F054E0A23FB2497002CBC20 /* KeychainManager.swift */; };
		9F054E0D23FB25D7002CBC20 /* RoutingService.swift in Sources */ = {isa = PBXBuildFile; fileRef = 9F054E0C23FB25D7002CBC20 /* RoutingService.swift */; };
		9F054E1023FB2D9A002CBC20 /* SetupTable.swift in Sources */ = {isa = PBXBuildFile; fileRef = 9F054E0F23FB2D9A002CBC20 /* SetupTable.swift */; };
		9F054E1223FB2E2D002CBC20 /* Localizable.swift in Sources */ = {isa = PBXBuildFile; fileRef = 9F054E1123FB2E2D002CBC20 /* Localizable.swift */; };
		9F054E1B23FB3397002CBC20 /* Setup.strings in Resources */ = {isa = PBXBuildFile; fileRef = 9F054E1A23FB3397002CBC20 /* Setup.strings */; };
		9F054E2023FB3BA4002CBC20 /* Account.strings in Resources */ = {isa = PBXBuildFile; fileRef = 9F054E1F23FB3BA4002CBC20 /* Account.strings */; };
		9F054E2223FB3BAA002CBC20 /* AccountTable.swift in Sources */ = {isa = PBXBuildFile; fileRef = 9F054E2123FB3BAA002CBC20 /* AccountTable.swift */; };
		9F054E2423FB3D5A002CBC20 /* SigningStrings.swift in Sources */ = {isa = PBXBuildFile; fileRef = 9F054E2323FB3D5A002CBC20 /* SigningStrings.swift */; };
		9F054E2623FB3D88002CBC20 /* Signing.strings in Resources */ = {isa = PBXBuildFile; fileRef = 9F054E2523FB3D88002CBC20 /* Signing.strings */; };
		9F054E2823FB3EB5002CBC20 /* Signature.strings in Resources */ = {isa = PBXBuildFile; fileRef = 9F054E2723FB3EB5002CBC20 /* Signature.strings */; };
		9F054E2A23FB3EB8002CBC20 /* SignatureStrings.swift in Sources */ = {isa = PBXBuildFile; fileRef = 9F054E2923FB3EB8002CBC20 /* SignatureStrings.swift */; };
		9F054E2C23FB3F79002CBC20 /* Verification.strings in Resources */ = {isa = PBXBuildFile; fileRef = 9F054E2B23FB3F79002CBC20 /* Verification.strings */; };
		9F054E2E23FB3FAB002CBC20 /* VerificationStrings.swift in Sources */ = {isa = PBXBuildFile; fileRef = 9F054E2D23FB3FAB002CBC20 /* VerificationStrings.swift */; };
		9F054E3023FB401D002CBC20 /* QRCodeScanner.strings in Resources */ = {isa = PBXBuildFile; fileRef = 9F054E2F23FB401D002CBC20 /* QRCodeScanner.strings */; };
		9F054E3223FB4064002CBC20 /* QRCodeScannerStrings.swift in Sources */ = {isa = PBXBuildFile; fileRef = 9F054E3123FB4064002CBC20 /* QRCodeScannerStrings.swift */; };
		9F054E3423FB4112002CBC20 /* Errors.strings in Resources */ = {isa = PBXBuildFile; fileRef = 9F054E3323FB4112002CBC20 /* Errors.strings */; };
		9F054E3623FB4119002CBC20 /* ErrorsStrings.swift in Sources */ = {isa = PBXBuildFile; fileRef = 9F054E3523FB4119002CBC20 /* ErrorsStrings.swift */; };
		9F1E818F23EED47900F0969D /* AppDelegate.swift in Sources */ = {isa = PBXBuildFile; fileRef = 9F1E818E23EED47900F0969D /* AppDelegate.swift */; };
		9F1E819323EED47900F0969D /* ViewController.swift in Sources */ = {isa = PBXBuildFile; fileRef = 9F1E819223EED47900F0969D /* ViewController.swift */; };
		9F1E819823EED47A00F0969D /* Assets.xcassets in Resources */ = {isa = PBXBuildFile; fileRef = 9F1E819723EED47A00F0969D /* Assets.xcassets */; };
		9F1E819B23EED47A00F0969D /* LaunchScreen.storyboard in Resources */ = {isa = PBXBuildFile; fileRef = 9F1E819923EED47A00F0969D /* LaunchScreen.storyboard */; };
		9F77964423EF50DF00E579B1 /* Setup.storyboard in Resources */ = {isa = PBXBuildFile; fileRef = 9F77964323EF50DF00E579B1 /* Setup.storyboard */; };
		9F77964623EF50E900E579B1 /* Account.storyboard in Resources */ = {isa = PBXBuildFile; fileRef = 9F77964523EF50E900E579B1 /* Account.storyboard */; };
		9F77964823EF50FC00E579B1 /* Signing.storyboard in Resources */ = {isa = PBXBuildFile; fileRef = 9F77964723EF50FC00E579B1 /* Signing.storyboard */; };
		9F77964A23EF510D00E579B1 /* Verification.storyboard in Resources */ = {isa = PBXBuildFile; fileRef = 9F77964923EF510D00E579B1 /* Verification.storyboard */; };
		9F7F981B23F9FBAE00C2D0A9 /* DataExtensions.swift in Sources */ = {isa = PBXBuildFile; fileRef = 9F7F981A23F9FBAE00C2D0A9 /* DataExtensions.swift */; };
		9F8ADFD823F94F830075FBA3 /* StringExtensions.swift in Sources */ = {isa = PBXBuildFile; fileRef = 9F8ADFD723F94F830075FBA3 /* StringExtensions.swift */; };
		9F8ADFDB23F95BF00075FBA3 /* ValidatableTextFieldConfiguration.swift in Sources */ = {isa = PBXBuildFile; fileRef = 9F8ADFDA23F95BF00075FBA3 /* ValidatableTextFieldConfiguration.swift */; };
		9F8ADFDE23F97FAA0075FBA3 /* Web3Manager.swift in Sources */ = {isa = PBXBuildFile; fileRef = 9F8ADFDD23F97FAA0075FBA3 /* Web3Manager.swift */; };
		9F8ADFE123F992AF0075FBA3 /* UIViewStyle.swift in Sources */ = {isa = PBXBuildFile; fileRef = 9F8ADFE023F992AF0075FBA3 /* UIViewStyle.swift */; };
		9F8ADFE323F996980075FBA3 /* UIViewControllerExtensions.swift in Sources */ = {isa = PBXBuildFile; fileRef = 9F8ADFE223F996980075FBA3 /* UIViewControllerExtensions.swift */; };
		9FAE315D23EEE68A004F3D72 /* SetupPresenter.swift in Sources */ = {isa = PBXBuildFile; fileRef = 9FAE315623EEE68A004F3D72 /* SetupPresenter.swift */; };
		9FAE315E23EEE68A004F3D72 /* SetupWorker.swift in Sources */ = {isa = PBXBuildFile; fileRef = 9FAE315723EEE68A004F3D72 /* SetupWorker.swift */; };
		9FAE315F23EEE68A004F3D72 /* SetupRouter.swift in Sources */ = {isa = PBXBuildFile; fileRef = 9FAE315823EEE68A004F3D72 /* SetupRouter.swift */; };
		9FAE316023EEE68A004F3D72 /* SetupModels.swift in Sources */ = {isa = PBXBuildFile; fileRef = 9FAE315923EEE68A004F3D72 /* SetupModels.swift */; };
		9FAE316123EEE68A004F3D72 /* SetupViewController.swift in Sources */ = {isa = PBXBuildFile; fileRef = 9FAE315A23EEE68A004F3D72 /* SetupViewController.swift */; };
		9FAE316223EEE68A004F3D72 /* SetupInteractor.swift in Sources */ = {isa = PBXBuildFile; fileRef = 9FAE315B23EEE68A004F3D72 /* SetupInteractor.swift */; };
		9FAE316323EEE68A004F3D72 /* SetupConfigurator.swift in Sources */ = {isa = PBXBuildFile; fileRef = 9FAE315C23EEE68A004F3D72 /* SetupConfigurator.swift */; };
		9FAE316B23EEE695004F3D72 /* AccountPresenter.swift in Sources */ = {isa = PBXBuildFile; fileRef = 9FAE316423EEE695004F3D72 /* AccountPresenter.swift */; };
		9FAE316C23EEE695004F3D72 /* AccountWorker.swift in Sources */ = {isa = PBXBuildFile; fileRef = 9FAE316523EEE695004F3D72 /* AccountWorker.swift */; };
		9FAE316D23EEE695004F3D72 /* AccountRouter.swift in Sources */ = {isa = PBXBuildFile; fileRef = 9FAE316623EEE695004F3D72 /* AccountRouter.swift */; };
		9FAE316E23EEE695004F3D72 /* AccountModels.swift in Sources */ = {isa = PBXBuildFile; fileRef = 9FAE316723EEE695004F3D72 /* AccountModels.swift */; };
		9FAE316F23EEE695004F3D72 /* AccountViewController.swift in Sources */ = {isa = PBXBuildFile; fileRef = 9FAE316823EEE695004F3D72 /* AccountViewController.swift */; };
		9FAE317023EEE695004F3D72 /* AccountInteractor.swift in Sources */ = {isa = PBXBuildFile; fileRef = 9FAE316923EEE695004F3D72 /* AccountInteractor.swift */; };
		9FAE317123EEE695004F3D72 /* AccountConfigurator.swift in Sources */ = {isa = PBXBuildFile; fileRef = 9FAE316A23EEE695004F3D72 /* AccountConfigurator.swift */; };
		9FAE317923EEE6A2004F3D72 /* SigningPresenter.swift in Sources */ = {isa = PBXBuildFile; fileRef = 9FAE317223EEE6A2004F3D72 /* SigningPresenter.swift */; };
		9FAE317A23EEE6A2004F3D72 /* SigningWorker.swift in Sources */ = {isa = PBXBuildFile; fileRef = 9FAE317323EEE6A2004F3D72 /* SigningWorker.swift */; };
		9FAE317B23EEE6A2004F3D72 /* SigningRouter.swift in Sources */ = {isa = PBXBuildFile; fileRef = 9FAE317423EEE6A2004F3D72 /* SigningRouter.swift */; };
		9FAE317C23EEE6A2004F3D72 /* SigningModels.swift in Sources */ = {isa = PBXBuildFile; fileRef = 9FAE317523EEE6A2004F3D72 /* SigningModels.swift */; };
		9FAE317D23EEE6A2004F3D72 /* SigningViewController.swift in Sources */ = {isa = PBXBuildFile; fileRef = 9FAE317623EEE6A2004F3D72 /* SigningViewController.swift */; };
		9FAE317E23EEE6A2004F3D72 /* SigningInteractor.swift in Sources */ = {isa = PBXBuildFile; fileRef = 9FAE317723EEE6A2004F3D72 /* SigningInteractor.swift */; };
		9FAE317F23EEE6A2004F3D72 /* SigningConfigurator.swift in Sources */ = {isa = PBXBuildFile; fileRef = 9FAE317823EEE6A2004F3D72 /* SigningConfigurator.swift */; };
		9FAE318723EEE6AE004F3D72 /* SignaturePresenter.swift in Sources */ = {isa = PBXBuildFile; fileRef = 9FAE318023EEE6AE004F3D72 /* SignaturePresenter.swift */; };
		9FAE318823EEE6AE004F3D72 /* SignatureWorker.swift in Sources */ = {isa = PBXBuildFile; fileRef = 9FAE318123EEE6AE004F3D72 /* SignatureWorker.swift */; };
		9FAE318923EEE6AE004F3D72 /* SignatureRouter.swift in Sources */ = {isa = PBXBuildFile; fileRef = 9FAE318223EEE6AE004F3D72 /* SignatureRouter.swift */; };
		9FAE318A23EEE6AE004F3D72 /* SignatureModels.swift in Sources */ = {isa = PBXBuildFile; fileRef = 9FAE318323EEE6AE004F3D72 /* SignatureModels.swift */; };
		9FAE318B23EEE6AE004F3D72 /* SignatureViewController.swift in Sources */ = {isa = PBXBuildFile; fileRef = 9FAE318423EEE6AE004F3D72 /* SignatureViewController.swift */; };
		9FAE318C23EEE6AE004F3D72 /* SignatureInteractor.swift in Sources */ = {isa = PBXBuildFile; fileRef = 9FAE318523EEE6AE004F3D72 /* SignatureInteractor.swift */; };
		9FAE318D23EEE6AE004F3D72 /* SignatureConfigurator.swift in Sources */ = {isa = PBXBuildFile; fileRef = 9FAE318623EEE6AE004F3D72 /* SignatureConfigurator.swift */; };
		9FAE319523EEE6B9004F3D72 /* VerificationPresenter.swift in Sources */ = {isa = PBXBuildFile; fileRef = 9FAE318E23EEE6B9004F3D72 /* VerificationPresenter.swift */; };
		9FAE319623EEE6B9004F3D72 /* VerificationWorker.swift in Sources */ = {isa = PBXBuildFile; fileRef = 9FAE318F23EEE6B9004F3D72 /* VerificationWorker.swift */; };
		9FAE319723EEE6B9004F3D72 /* VerificationRouter.swift in Sources */ = {isa = PBXBuildFile; fileRef = 9FAE319023EEE6B9004F3D72 /* VerificationRouter.swift */; };
		9FAE319823EEE6B9004F3D72 /* VerificationModels.swift in Sources */ = {isa = PBXBuildFile; fileRef = 9FAE319123EEE6B9004F3D72 /* VerificationModels.swift */; };
		9FAE319923EEE6B9004F3D72 /* VerificationViewController.swift in Sources */ = {isa = PBXBuildFile; fileRef = 9FAE319223EEE6B9004F3D72 /* VerificationViewController.swift */; };
		9FAE319A23EEE6B9004F3D72 /* VerificationInteractor.swift in Sources */ = {isa = PBXBuildFile; fileRef = 9FAE319323EEE6B9004F3D72 /* VerificationInteractor.swift */; };
		9FAE319B23EEE6B9004F3D72 /* VerificationConfigurator.swift in Sources */ = {isa = PBXBuildFile; fileRef = 9FAE319423EEE6B9004F3D72 /* VerificationConfigurator.swift */; };
		9FAE31A323EEE6C6004F3D72 /* QRCodeScannerPresenter.swift in Sources */ = {isa = PBXBuildFile; fileRef = 9FAE319C23EEE6C5004F3D72 /* QRCodeScannerPresenter.swift */; };
		9FAE31A423EEE6C6004F3D72 /* QRCodeScannerWorker.swift in Sources */ = {isa = PBXBuildFile; fileRef = 9FAE319D23EEE6C5004F3D72 /* QRCodeScannerWorker.swift */; };
		9FAE31A523EEE6C6004F3D72 /* QRCodeScannerRouter.swift in Sources */ = {isa = PBXBuildFile; fileRef = 9FAE319E23EEE6C5004F3D72 /* QRCodeScannerRouter.swift */; };
		9FAE31A623EEE6C6004F3D72 /* QRCodeScannerModels.swift in Sources */ = {isa = PBXBuildFile; fileRef = 9FAE319F23EEE6C5004F3D72 /* QRCodeScannerModels.swift */; };
		9FAE31A723EEE6C6004F3D72 /* QRCodeScannerViewController.swift in Sources */ = {isa = PBXBuildFile; fileRef = 9FAE31A023EEE6C6004F3D72 /* QRCodeScannerViewController.swift */; };
		9FAE31A823EEE6C6004F3D72 /* QRCodeScannerInteractor.swift in Sources */ = {isa = PBXBuildFile; fileRef = 9FAE31A123EEE6C6004F3D72 /* QRCodeScannerInteractor.swift */; };
		9FAE31A923EEE6C6004F3D72 /* QRCodeScannerConfigurator.swift in Sources */ = {isa = PBXBuildFile; fileRef = 9FAE31A223EEE6C6004F3D72 /* QRCodeScannerConfigurator.swift */; };
		B5AC818B455FF822685B9F26 /* Pods_EthereumSigner.framework in Frameworks */ = {isa = PBXBuildFile; fileRef = 2B43D56C98C94E296D8568B5 /* Pods_EthereumSigner.framework */; };
/* End PBXBuildFile section */

/* Begin PBXFileReference section */
		2B43D56C98C94E296D8568B5 /* Pods_EthereumSigner.framework */ = {isa = PBXFileReference; explicitFileType = wrapper.framework; includeInIndex = 0; path = Pods_EthereumSigner.framework; sourceTree = BUILT_PRODUCTS_DIR; };
		494667A796BED8369D5544C7 /* Pods-EthereumSigner.debug.xcconfig */ = {isa = PBXFileReference; includeInIndex = 1; lastKnownFileType = text.xcconfig; name = "Pods-EthereumSigner.debug.xcconfig"; path = "Target Support Files/Pods-EthereumSigner/Pods-EthereumSigner.debug.xcconfig"; sourceTree = "<group>"; };
		8BF10A22CF6AA96B843E6783 /* Pods-EthereumSigner.release.xcconfig */ = {isa = PBXFileReference; includeInIndex = 1; lastKnownFileType = text.xcconfig; name = "Pods-EthereumSigner.release.xcconfig"; path = "Target Support Files/Pods-EthereumSigner/Pods-EthereumSigner.release.xcconfig"; sourceTree = "<group>"; };
		9F054E0A23FB2497002CBC20 /* KeychainManager.swift */ = {isa = PBXFileReference; lastKnownFileType = sourcecode.swift; path = KeychainManager.swift; sourceTree = "<group>"; };
		9F054E0C23FB25D7002CBC20 /* RoutingService.swift */ = {isa = PBXFileReference; lastKnownFileType = sourcecode.swift; path = RoutingService.swift; sourceTree = "<group>"; };
		9F054E0F23FB2D9A002CBC20 /* SetupTable.swift */ = {isa = PBXFileReference; lastKnownFileType = sourcecode.swift; path = SetupTable.swift; sourceTree = "<group>"; };
		9F054E1123FB2E2D002CBC20 /* Localizable.swift */ = {isa = PBXFileReference; lastKnownFileType = sourcecode.swift; path = Localizable.swift; sourceTree = "<group>"; };
		9F054E1A23FB3397002CBC20 /* Setup.strings */ = {isa = PBXFileReference; lastKnownFileType = text.plist.strings; path = Setup.strings; sourceTree = "<group>"; };
		9F054E1F23FB3BA4002CBC20 /* Account.strings */ = {isa = PBXFileReference; lastKnownFileType = text.plist.strings; path = Account.strings; sourceTree = "<group>"; };
		9F054E2123FB3BAA002CBC20 /* AccountTable.swift */ = {isa = PBXFileReference; lastKnownFileType = sourcecode.swift; path = AccountTable.swift; sourceTree = "<group>"; };
		9F054E2323FB3D5A002CBC20 /* SigningStrings.swift */ = {isa = PBXFileReference; lastKnownFileType = sourcecode.swift; path = SigningStrings.swift; sourceTree = "<group>"; };
		9F054E2523FB3D88002CBC20 /* Signing.strings */ = {isa = PBXFileReference; lastKnownFileType = text.plist.strings; path = Signing.strings; sourceTree = "<group>"; };
		9F054E2723FB3EB5002CBC20 /* Signature.strings */ = {isa = PBXFileReference; lastKnownFileType = text.plist.strings; path = Signature.strings; sourceTree = "<group>"; };
		9F054E2923FB3EB8002CBC20 /* SignatureStrings.swift */ = {isa = PBXFileReference; lastKnownFileType = sourcecode.swift; path = SignatureStrings.swift; sourceTree = "<group>"; };
		9F054E2B23FB3F79002CBC20 /* Verification.strings */ = {isa = PBXFileReference; lastKnownFileType = text.plist.strings; path = Verification.strings; sourceTree = "<group>"; };
		9F054E2D23FB3FAB002CBC20 /* VerificationStrings.swift */ = {isa = PBXFileReference; lastKnownFileType = sourcecode.swift; path = VerificationStrings.swift; sourceTree = "<group>"; };
		9F054E2F23FB401D002CBC20 /* QRCodeScanner.strings */ = {isa = PBXFileReference; lastKnownFileType = text.plist.strings; path = QRCodeScanner.strings; sourceTree = "<group>"; };
		9F054E3123FB4064002CBC20 /* QRCodeScannerStrings.swift */ = {isa = PBXFileReference; lastKnownFileType = sourcecode.swift; path = QRCodeScannerStrings.swift; sourceTree = "<group>"; };
		9F054E3323FB4112002CBC20 /* Errors.strings */ = {isa = PBXFileReference; lastKnownFileType = text.plist.strings; path = Errors.strings; sourceTree = "<group>"; };
		9F054E3523FB4119002CBC20 /* ErrorsStrings.swift */ = {isa = PBXFileReference; lastKnownFileType = sourcecode.swift; path = ErrorsStrings.swift; sourceTree = "<group>"; };
		9F1E818B23EED47900F0969D /* EthereumSigner.app */ = {isa = PBXFileReference; explicitFileType = wrapper.application; includeInIndex = 0; path = EthereumSigner.app; sourceTree = BUILT_PRODUCTS_DIR; };
		9F1E818E23EED47900F0969D /* AppDelegate.swift */ = {isa = PBXFileReference; lastKnownFileType = sourcecode.swift; path = AppDelegate.swift; sourceTree = "<group>"; };
		9F1E819223EED47900F0969D /* ViewController.swift */ = {isa = PBXFileReference; lastKnownFileType = sourcecode.swift; path = ViewController.swift; sourceTree = "<group>"; };
		9F1E819723EED47A00F0969D /* Assets.xcassets */ = {isa = PBXFileReference; lastKnownFileType = folder.assetcatalog; path = Assets.xcassets; sourceTree = "<group>"; };
		9F1E819A23EED47A00F0969D /* Base */ = {isa = PBXFileReference; lastKnownFileType = file.storyboard; name = Base; path = Base.lproj/LaunchScreen.storyboard; sourceTree = "<group>"; };
		9F1E819C23EED47A00F0969D /* Info.plist */ = {isa = PBXFileReference; lastKnownFileType = text.plist.xml; path = Info.plist; sourceTree = "<group>"; };
		9F77964323EF50DF00E579B1 /* Setup.storyboard */ = {isa = PBXFileReference; lastKnownFileType = file.storyboard; path = Setup.storyboard; sourceTree = "<group>"; };
		9F77964523EF50E900E579B1 /* Account.storyboard */ = {isa = PBXFileReference; lastKnownFileType = file.storyboard; path = Account.storyboard; sourceTree = "<group>"; };
		9F77964723EF50FC00E579B1 /* Signing.storyboard */ = {isa = PBXFileReference; lastKnownFileType = file.storyboard; path = Signing.storyboard; sourceTree = "<group>"; };
		9F77964923EF510D00E579B1 /* Verification.storyboard */ = {isa = PBXFileReference; lastKnownFileType = file.storyboard; path = Verification.storyboard; sourceTree = "<group>"; };
		9F7F981A23F9FBAE00C2D0A9 /* DataExtensions.swift */ = {isa = PBXFileReference; lastKnownFileType = sourcecode.swift; path = DataExtensions.swift; sourceTree = "<group>"; };
		9F8ADFD723F94F830075FBA3 /* StringExtensions.swift */ = {isa = PBXFileReference; lastKnownFileType = sourcecode.swift; path = StringExtensions.swift; sourceTree = "<group>"; };
		9F8ADFDA23F95BF00075FBA3 /* ValidatableTextFieldConfiguration.swift */ = {isa = PBXFileReference; lastKnownFileType = sourcecode.swift; path = ValidatableTextFieldConfiguration.swift; sourceTree = "<group>"; };
		9F8ADFDD23F97FAA0075FBA3 /* Web3Manager.swift */ = {isa = PBXFileReference; lastKnownFileType = sourcecode.swift; path = Web3Manager.swift; sourceTree = "<group>"; };
		9F8ADFE023F992AF0075FBA3 /* UIViewStyle.swift */ = {isa = PBXFileReference; lastKnownFileType = sourcecode.swift; path = UIViewStyle.swift; sourceTree = "<group>"; };
		9F8ADFE223F996980075FBA3 /* UIViewControllerExtensions.swift */ = {isa = PBXFileReference; lastKnownFileType = sourcecode.swift; path = UIViewControllerExtensions.swift; sourceTree = "<group>"; };
		9FAE315623EEE68A004F3D72 /* SetupPresenter.swift */ = {isa = PBXFileReference; lastKnownFileType = sourcecode.swift; path = SetupPresenter.swift; sourceTree = "<group>"; };
		9FAE315723EEE68A004F3D72 /* SetupWorker.swift */ = {isa = PBXFileReference; lastKnownFileType = sourcecode.swift; path = SetupWorker.swift; sourceTree = "<group>"; };
		9FAE315823EEE68A004F3D72 /* SetupRouter.swift */ = {isa = PBXFileReference; lastKnownFileType = sourcecode.swift; path = SetupRouter.swift; sourceTree = "<group>"; };
		9FAE315923EEE68A004F3D72 /* SetupModels.swift */ = {isa = PBXFileReference; lastKnownFileType = sourcecode.swift; path = SetupModels.swift; sourceTree = "<group>"; };
		9FAE315A23EEE68A004F3D72 /* SetupViewController.swift */ = {isa = PBXFileReference; lastKnownFileType = sourcecode.swift; path = SetupViewController.swift; sourceTree = "<group>"; };
		9FAE315B23EEE68A004F3D72 /* SetupInteractor.swift */ = {isa = PBXFileReference; lastKnownFileType = sourcecode.swift; path = SetupInteractor.swift; sourceTree = "<group>"; };
		9FAE315C23EEE68A004F3D72 /* SetupConfigurator.swift */ = {isa = PBXFileReference; lastKnownFileType = sourcecode.swift; path = SetupConfigurator.swift; sourceTree = "<group>"; };
		9FAE316423EEE695004F3D72 /* AccountPresenter.swift */ = {isa = PBXFileReference; lastKnownFileType = sourcecode.swift; path = AccountPresenter.swift; sourceTree = "<group>"; };
		9FAE316523EEE695004F3D72 /* AccountWorker.swift */ = {isa = PBXFileReference; lastKnownFileType = sourcecode.swift; path = AccountWorker.swift; sourceTree = "<group>"; };
		9FAE316623EEE695004F3D72 /* AccountRouter.swift */ = {isa = PBXFileReference; lastKnownFileType = sourcecode.swift; path = AccountRouter.swift; sourceTree = "<group>"; };
		9FAE316723EEE695004F3D72 /* AccountModels.swift */ = {isa = PBXFileReference; lastKnownFileType = sourcecode.swift; path = AccountModels.swift; sourceTree = "<group>"; };
		9FAE316823EEE695004F3D72 /* AccountViewController.swift */ = {isa = PBXFileReference; lastKnownFileType = sourcecode.swift; path = AccountViewController.swift; sourceTree = "<group>"; };
		9FAE316923EEE695004F3D72 /* AccountInteractor.swift */ = {isa = PBXFileReference; lastKnownFileType = sourcecode.swift; path = AccountInteractor.swift; sourceTree = "<group>"; };
		9FAE316A23EEE695004F3D72 /* AccountConfigurator.swift */ = {isa = PBXFileReference; lastKnownFileType = sourcecode.swift; path = AccountConfigurator.swift; sourceTree = "<group>"; };
		9FAE317223EEE6A2004F3D72 /* SigningPresenter.swift */ = {isa = PBXFileReference; lastKnownFileType = sourcecode.swift; path = SigningPresenter.swift; sourceTree = "<group>"; };
		9FAE317323EEE6A2004F3D72 /* SigningWorker.swift */ = {isa = PBXFileReference; lastKnownFileType = sourcecode.swift; path = SigningWorker.swift; sourceTree = "<group>"; };
		9FAE317423EEE6A2004F3D72 /* SigningRouter.swift */ = {isa = PBXFileReference; lastKnownFileType = sourcecode.swift; path = SigningRouter.swift; sourceTree = "<group>"; };
		9FAE317523EEE6A2004F3D72 /* SigningModels.swift */ = {isa = PBXFileReference; lastKnownFileType = sourcecode.swift; path = SigningModels.swift; sourceTree = "<group>"; };
		9FAE317623EEE6A2004F3D72 /* SigningViewController.swift */ = {isa = PBXFileReference; lastKnownFileType = sourcecode.swift; path = SigningViewController.swift; sourceTree = "<group>"; };
		9FAE317723EEE6A2004F3D72 /* SigningInteractor.swift */ = {isa = PBXFileReference; lastKnownFileType = sourcecode.swift; path = SigningInteractor.swift; sourceTree = "<group>"; };
		9FAE317823EEE6A2004F3D72 /* SigningConfigurator.swift */ = {isa = PBXFileReference; lastKnownFileType = sourcecode.swift; path = SigningConfigurator.swift; sourceTree = "<group>"; };
		9FAE318023EEE6AE004F3D72 /* SignaturePresenter.swift */ = {isa = PBXFileReference; lastKnownFileType = sourcecode.swift; path = SignaturePresenter.swift; sourceTree = "<group>"; };
		9FAE318123EEE6AE004F3D72 /* SignatureWorker.swift */ = {isa = PBXFileReference; lastKnownFileType = sourcecode.swift; path = SignatureWorker.swift; sourceTree = "<group>"; };
		9FAE318223EEE6AE004F3D72 /* SignatureRouter.swift */ = {isa = PBXFileReference; lastKnownFileType = sourcecode.swift; path = SignatureRouter.swift; sourceTree = "<group>"; };
		9FAE318323EEE6AE004F3D72 /* SignatureModels.swift */ = {isa = PBXFileReference; lastKnownFileType = sourcecode.swift; path = SignatureModels.swift; sourceTree = "<group>"; };
		9FAE318423EEE6AE004F3D72 /* SignatureViewController.swift */ = {isa = PBXFileReference; lastKnownFileType = sourcecode.swift; path = SignatureViewController.swift; sourceTree = "<group>"; };
		9FAE318523EEE6AE004F3D72 /* SignatureInteractor.swift */ = {isa = PBXFileReference; lastKnownFileType = sourcecode.swift; path = SignatureInteractor.swift; sourceTree = "<group>"; };
		9FAE318623EEE6AE004F3D72 /* SignatureConfigurator.swift */ = {isa = PBXFileReference; lastKnownFileType = sourcecode.swift; path = SignatureConfigurator.swift; sourceTree = "<group>"; };
		9FAE318E23EEE6B9004F3D72 /* VerificationPresenter.swift */ = {isa = PBXFileReference; lastKnownFileType = sourcecode.swift; path = VerificationPresenter.swift; sourceTree = "<group>"; };
		9FAE318F23EEE6B9004F3D72 /* VerificationWorker.swift */ = {isa = PBXFileReference; lastKnownFileType = sourcecode.swift; path = VerificationWorker.swift; sourceTree = "<group>"; };
		9FAE319023EEE6B9004F3D72 /* VerificationRouter.swift */ = {isa = PBXFileReference; lastKnownFileType = sourcecode.swift; path = VerificationRouter.swift; sourceTree = "<group>"; };
		9FAE319123EEE6B9004F3D72 /* VerificationModels.swift */ = {isa = PBXFileReference; lastKnownFileType = sourcecode.swift; path = VerificationModels.swift; sourceTree = "<group>"; };
		9FAE319223EEE6B9004F3D72 /* VerificationViewController.swift */ = {isa = PBXFileReference; lastKnownFileType = sourcecode.swift; path = VerificationViewController.swift; sourceTree = "<group>"; };
		9FAE319323EEE6B9004F3D72 /* VerificationInteractor.swift */ = {isa = PBXFileReference; lastKnownFileType = sourcecode.swift; path = VerificationInteractor.swift; sourceTree = "<group>"; };
		9FAE319423EEE6B9004F3D72 /* VerificationConfigurator.swift */ = {isa = PBXFileReference; lastKnownFileType = sourcecode.swift; path = VerificationConfigurator.swift; sourceTree = "<group>"; };
		9FAE319C23EEE6C5004F3D72 /* QRCodeScannerPresenter.swift */ = {isa = PBXFileReference; lastKnownFileType = sourcecode.swift; path = QRCodeScannerPresenter.swift; sourceTree = "<group>"; };
		9FAE319D23EEE6C5004F3D72 /* QRCodeScannerWorker.swift */ = {isa = PBXFileReference; lastKnownFileType = sourcecode.swift; path = QRCodeScannerWorker.swift; sourceTree = "<group>"; };
		9FAE319E23EEE6C5004F3D72 /* QRCodeScannerRouter.swift */ = {isa = PBXFileReference; lastKnownFileType = sourcecode.swift; path = QRCodeScannerRouter.swift; sourceTree = "<group>"; };
		9FAE319F23EEE6C5004F3D72 /* QRCodeScannerModels.swift */ = {isa = PBXFileReference; lastKnownFileType = sourcecode.swift; path = QRCodeScannerModels.swift; sourceTree = "<group>"; };
		9FAE31A023EEE6C6004F3D72 /* QRCodeScannerViewController.swift */ = {isa = PBXFileReference; lastKnownFileType = sourcecode.swift; path = QRCodeScannerViewController.swift; sourceTree = "<group>"; };
		9FAE31A123EEE6C6004F3D72 /* QRCodeScannerInteractor.swift */ = {isa = PBXFileReference; lastKnownFileType = sourcecode.swift; path = QRCodeScannerInteractor.swift; sourceTree = "<group>"; };
		9FAE31A223EEE6C6004F3D72 /* QRCodeScannerConfigurator.swift */ = {isa = PBXFileReference; lastKnownFileType = sourcecode.swift; path = QRCodeScannerConfigurator.swift; sourceTree = "<group>"; };
/* End PBXFileReference section */

/* Begin PBXFrameworksBuildPhase section */
		9F1E818823EED47900F0969D /* Frameworks */ = {
			isa = PBXFrameworksBuildPhase;
			buildActionMask = 2147483647;
			files = (
				B5AC818B455FF822685B9F26 /* Pods_EthereumSigner.framework in Frameworks */,
			);
			runOnlyForDeploymentPostprocessing = 0;
		};
/* End PBXFrameworksBuildPhase section */

/* Begin PBXGroup section */
		4CEC8635C5E8F980744B4587 /* Pods */ = {
			isa = PBXGroup;
			children = (
				494667A796BED8369D5544C7 /* Pods-EthereumSigner.debug.xcconfig */,
				8BF10A22CF6AA96B843E6783 /* Pods-EthereumSigner.release.xcconfig */,
			);
			path = Pods;
			sourceTree = "<group>";
		};
		87568B3FBF9687A293C1A4EF /* Frameworks */ = {
			isa = PBXGroup;
			children = (
				2B43D56C98C94E296D8568B5 /* Pods_EthereumSigner.framework */,
			);
			name = Frameworks;
			sourceTree = "<group>";
		};
		9F054E0E23FB2D33002CBC20 /* Localization */ = {
			isa = PBXGroup;
			children = (
				9F054E1123FB2E2D002CBC20 /* Localizable.swift */,
				9F054E1E23FB3A35002CBC20 /* StringFiles */,
				9F054E1323FB2E71002CBC20 /* Tables */,
			);
			path = Localization;
			sourceTree = "<group>";
		};
		9F054E1323FB2E71002CBC20 /* Tables */ = {
			isa = PBXGroup;
			children = (
				9F054E0F23FB2D9A002CBC20 /* SetupTable.swift */,
				9F054E2123FB3BAA002CBC20 /* AccountTable.swift */,
				9F054E2323FB3D5A002CBC20 /* SigningStrings.swift */,
				9F054E2923FB3EB8002CBC20 /* SignatureStrings.swift */,
				9F054E2D23FB3FAB002CBC20 /* VerificationStrings.swift */,
				9F054E3123FB4064002CBC20 /* QRCodeScannerStrings.swift */,
				9F054E3523FB4119002CBC20 /* ErrorsStrings.swift */,
			);
			path = Tables;
			sourceTree = "<group>";
		};
		9F054E1E23FB3A35002CBC20 /* StringFiles */ = {
			isa = PBXGroup;
			children = (
				9F054E1A23FB3397002CBC20 /* Setup.strings */,
				9F054E1F23FB3BA4002CBC20 /* Account.strings */,
				9F054E2523FB3D88002CBC20 /* Signing.strings */,
				9F054E2723FB3EB5002CBC20 /* Signature.strings */,
				9F054E2B23FB3F79002CBC20 /* Verification.strings */,
				9F054E2F23FB401D002CBC20 /* QRCodeScanner.strings */,
				9F054E3323FB4112002CBC20 /* Errors.strings */,
			);
			path = StringFiles;
			sourceTree = "<group>";
		};
		9F1E818223EED47900F0969D = {
			isa = PBXGroup;
			children = (
				9F1E818D23EED47900F0969D /* EthereumSigner */,
				9F1E818C23EED47900F0969D /* Products */,
				4CEC8635C5E8F980744B4587 /* Pods */,
				87568B3FBF9687A293C1A4EF /* Frameworks */,
			);
			sourceTree = "<group>";
		};
		9F1E818C23EED47900F0969D /* Products */ = {
			isa = PBXGroup;
			children = (
				9F1E818B23EED47900F0969D /* EthereumSigner.app */,
			);
			name = Products;
			sourceTree = "<group>";
		};
		9F1E818D23EED47900F0969D /* EthereumSigner */ = {
			isa = PBXGroup;
			children = (
				9F054E0E23FB2D33002CBC20 /* Localization */,
				9F8ADFDF23F992A70075FBA3 /* Utils */,
				9F8ADFDC23F97F9E0075FBA3 /* Web3Manager */,
				9F8ADFD923F95BE90075FBA3 /* ValidatableTextField */,
				9F8ADFD623F94F760075FBA3 /* Extensions */,
				9FAE314123EEE5ED004F3D72 /* Scenes */,
				9FAE31AA23EEE701004F3D72 /* Storyboards */,
				9F1E818E23EED47900F0969D /* AppDelegate.swift */,
				9F1E819223EED47900F0969D /* ViewController.swift */,
				9F1E819723EED47A00F0969D /* Assets.xcassets */,
				9F1E819C23EED47A00F0969D /* Info.plist */,
			);
			path = EthereumSigner;
			sourceTree = "<group>";
		};
		9F8ADFD623F94F760075FBA3 /* Extensions */ = {
			isa = PBXGroup;
			children = (
				9F8ADFD723F94F830075FBA3 /* StringExtensions.swift */,
				9F8ADFE223F996980075FBA3 /* UIViewControllerExtensions.swift */,
				9F7F981A23F9FBAE00C2D0A9 /* DataExtensions.swift */,
			);
			path = Extensions;
			sourceTree = "<group>";
		};
		9F8ADFD923F95BE90075FBA3 /* ValidatableTextField */ = {
			isa = PBXGroup;
			children = (
				9F8ADFDA23F95BF00075FBA3 /* ValidatableTextFieldConfiguration.swift */,
			);
			path = ValidatableTextField;
			sourceTree = "<group>";
		};
		9F8ADFDC23F97F9E0075FBA3 /* Web3Manager */ = {
			isa = PBXGroup;
			children = (
				9F8ADFDD23F97FAA0075FBA3 /* Web3Manager.swift */,
			);
			path = Web3Manager;
			sourceTree = "<group>";
		};
		9F8ADFDF23F992A70075FBA3 /* Utils */ = {
			isa = PBXGroup;
			children = (
				9F8ADFE023F992AF0075FBA3 /* UIViewStyle.swift */,
				9F054E0A23FB2497002CBC20 /* KeychainManager.swift */,
				9F054E0C23FB25D7002CBC20 /* RoutingService.swift */,
			);
			path = Utils;
			sourceTree = "<group>";
		};
		9FAE314123EEE5ED004F3D72 /* Scenes */ = {
			isa = PBXGroup;
			children = (
				9FAE315023EEE634004F3D72 /* Setup */,
				9FAE315123EEE64D004F3D72 /* Account */,
				9FAE315223EEE651004F3D72 /* Signing */,
				9FAE315523EEE66E004F3D72 /* Signature */,
				9FAE315423EEE669004F3D72 /* Verification */,
				9FAE315323EEE662004F3D72 /* QRCodeScanner */,
			);
			path = Scenes;
			sourceTree = "<group>";
		};
		9FAE315023EEE634004F3D72 /* Setup */ = {
			isa = PBXGroup;
			children = (
				9FAE315623EEE68A004F3D72 /* SetupPresenter.swift */,
				9FAE315723EEE68A004F3D72 /* SetupWorker.swift */,
				9FAE315823EEE68A004F3D72 /* SetupRouter.swift */,
				9FAE315923EEE68A004F3D72 /* SetupModels.swift */,
				9FAE315A23EEE68A004F3D72 /* SetupViewController.swift */,
				9FAE315B23EEE68A004F3D72 /* SetupInteractor.swift */,
				9FAE315C23EEE68A004F3D72 /* SetupConfigurator.swift */,
			);
			path = Setup;
			sourceTree = "<group>";
		};
		9FAE315123EEE64D004F3D72 /* Account */ = {
			isa = PBXGroup;
			children = (
				9FAE316423EEE695004F3D72 /* AccountPresenter.swift */,
				9FAE316523EEE695004F3D72 /* AccountWorker.swift */,
				9FAE316623EEE695004F3D72 /* AccountRouter.swift */,
				9FAE316723EEE695004F3D72 /* AccountModels.swift */,
				9FAE316823EEE695004F3D72 /* AccountViewController.swift */,
				9FAE316923EEE695004F3D72 /* AccountInteractor.swift */,
				9FAE316A23EEE695004F3D72 /* AccountConfigurator.swift */,
			);
			path = Account;
			sourceTree = "<group>";
		};
		9FAE315223EEE651004F3D72 /* Signing */ = {
			isa = PBXGroup;
			children = (
				9FAE317223EEE6A2004F3D72 /* SigningPresenter.swift */,
				9FAE317323EEE6A2004F3D72 /* SigningWorker.swift */,
				9FAE317423EEE6A2004F3D72 /* SigningRouter.swift */,
				9FAE317523EEE6A2004F3D72 /* SigningModels.swift */,
				9FAE317623EEE6A2004F3D72 /* SigningViewController.swift */,
				9FAE317723EEE6A2004F3D72 /* SigningInteractor.swift */,
				9FAE317823EEE6A2004F3D72 /* SigningConfigurator.swift */,
			);
			path = Signing;
			sourceTree = "<group>";
		};
		9FAE315323EEE662004F3D72 /* QRCodeScanner */ = {
			isa = PBXGroup;
			children = (
				9FAE319C23EEE6C5004F3D72 /* QRCodeScannerPresenter.swift */,
				9FAE319D23EEE6C5004F3D72 /* QRCodeScannerWorker.swift */,
				9FAE319E23EEE6C5004F3D72 /* QRCodeScannerRouter.swift */,
				9FAE319F23EEE6C5004F3D72 /* QRCodeScannerModels.swift */,
				9FAE31A023EEE6C6004F3D72 /* QRCodeScannerViewController.swift */,
				9FAE31A123EEE6C6004F3D72 /* QRCodeScannerInteractor.swift */,
				9FAE31A223EEE6C6004F3D72 /* QRCodeScannerConfigurator.swift */,
			);
			path = QRCodeScanner;
			sourceTree = "<group>";
		};
		9FAE315423EEE669004F3D72 /* Verification */ = {
			isa = PBXGroup;
			children = (
				9FAE318E23EEE6B9004F3D72 /* VerificationPresenter.swift */,
				9FAE318F23EEE6B9004F3D72 /* VerificationWorker.swift */,
				9FAE319023EEE6B9004F3D72 /* VerificationRouter.swift */,
				9FAE319123EEE6B9004F3D72 /* VerificationModels.swift */,
				9FAE319223EEE6B9004F3D72 /* VerificationViewController.swift */,
				9FAE319323EEE6B9004F3D72 /* VerificationInteractor.swift */,
				9FAE319423EEE6B9004F3D72 /* VerificationConfigurator.swift */,
			);
			path = Verification;
			sourceTree = "<group>";
		};
		9FAE315523EEE66E004F3D72 /* Signature */ = {
			isa = PBXGroup;
			children = (
				9FAE318023EEE6AE004F3D72 /* SignaturePresenter.swift */,
				9FAE318123EEE6AE004F3D72 /* SignatureWorker.swift */,
				9FAE318223EEE6AE004F3D72 /* SignatureRouter.swift */,
				9FAE318323EEE6AE004F3D72 /* SignatureModels.swift */,
				9FAE318423EEE6AE004F3D72 /* SignatureViewController.swift */,
				9FAE318523EEE6AE004F3D72 /* SignatureInteractor.swift */,
				9FAE318623EEE6AE004F3D72 /* SignatureConfigurator.swift */,
			);
			path = Signature;
			sourceTree = "<group>";
		};
		9FAE31AA23EEE701004F3D72 /* Storyboards */ = {
			isa = PBXGroup;
			children = (
				9F1E819923EED47A00F0969D /* LaunchScreen.storyboard */,
				9F77964323EF50DF00E579B1 /* Setup.storyboard */,
				9F77964523EF50E900E579B1 /* Account.storyboard */,
				9F77964723EF50FC00E579B1 /* Signing.storyboard */,
				9F77964923EF510D00E579B1 /* Verification.storyboard */,
			);
			path = Storyboards;
			sourceTree = "<group>";
		};
/* End PBXGroup section */

/* Begin PBXNativeTarget section */
		9F1E818A23EED47900F0969D /* EthereumSigner */ = {
			isa = PBXNativeTarget;
			buildConfigurationList = 9F1E819F23EED47A00F0969D /* Build configuration list for PBXNativeTarget "EthereumSigner" */;
			buildPhases = (
				B99D4ABC11C6FAB61DC672D3 /* [CP] Check Pods Manifest.lock */,
				9F1E818723EED47900F0969D /* Sources */,
				9F1E818823EED47900F0969D /* Frameworks */,
				9F1E818923EED47900F0969D /* Resources */,
				739D7E7272F48080FE5C7E77 /* [CP] Embed Pods Frameworks */,
			);
			buildRules = (
			);
			dependencies = (
			);
			name = EthereumSigner;
			productName = EthereumSigner;
			productReference = 9F1E818B23EED47900F0969D /* EthereumSigner.app */;
			productType = "com.apple.product-type.application";
		};
/* End PBXNativeTarget section */

/* Begin PBXProject section */
		9F1E818323EED47900F0969D /* Project object */ = {
			isa = PBXProject;
			attributes = {
				LastSwiftUpdateCheck = 1130;
				LastUpgradeCheck = 1130;
				ORGANIZATIONNAME = "Djordje Ljubinkovic";
				TargetAttributes = {
					9F1E818A23EED47900F0969D = {
						CreatedOnToolsVersion = 11.3.1;
					};
				};
			};
			buildConfigurationList = 9F1E818623EED47900F0969D /* Build configuration list for PBXProject "EthereumSigner" */;
			compatibilityVersion = "Xcode 9.3";
			developmentRegion = en;
			hasScannedForEncodings = 0;
			knownRegions = (
				en,
				Base,
			);
			mainGroup = 9F1E818223EED47900F0969D;
			productRefGroup = 9F1E818C23EED47900F0969D /* Products */;
			projectDirPath = "";
			projectRoot = "";
			targets = (
				9F1E818A23EED47900F0969D /* EthereumSigner */,
			);
		};
/* End PBXProject section */

/* Begin PBXResourcesBuildPhase section */
		9F1E818923EED47900F0969D /* Resources */ = {
			isa = PBXResourcesBuildPhase;
			buildActionMask = 2147483647;
			files = (
				9F054E2623FB3D88002CBC20 /* Signing.strings in Resources */,
				9F77964423EF50DF00E579B1 /* Setup.storyboard in Resources */,
				9F1E819B23EED47A00F0969D /* LaunchScreen.storyboard in Resources */,
				9F054E2823FB3EB5002CBC20 /* Signature.strings in Resources */,
				9F77964623EF50E900E579B1 /* Account.storyboard in Resources */,
				9F054E3423FB4112002CBC20 /* Errors.strings in Resources */,
				9F1E819823EED47A00F0969D /* Assets.xcassets in Resources */,
				9F054E2023FB3BA4002CBC20 /* Account.strings in Resources */,
				9F77964823EF50FC00E579B1 /* Signing.storyboard in Resources */,
				9F054E1B23FB3397002CBC20 /* Setup.strings in Resources */,
				9F054E3023FB401D002CBC20 /* QRCodeScanner.strings in Resources */,
				9F054E2C23FB3F79002CBC20 /* Verification.strings in Resources */,
				9F77964A23EF510D00E579B1 /* Verification.storyboard in Resources */,
			);
			runOnlyForDeploymentPostprocessing = 0;
		};
/* End PBXResourcesBuildPhase section */

/* Begin PBXShellScriptBuildPhase section */
		739D7E7272F48080FE5C7E77 /* [CP] Embed Pods Frameworks */ = {
			isa = PBXShellScriptBuildPhase;
			buildActionMask = 2147483647;
			files = (
			);
			inputFileListPaths = (
				"${PODS_ROOT}/Target Support Files/Pods-EthereumSigner/Pods-EthereumSigner-frameworks-${CONFIGURATION}-input-files.xcfilelist",
			);
			name = "[CP] Embed Pods Frameworks";
			outputFileListPaths = (
				"${PODS_ROOT}/Target Support Files/Pods-EthereumSigner/Pods-EthereumSigner-frameworks-${CONFIGURATION}-output-files.xcfilelist",
			);
			runOnlyForDeploymentPostprocessing = 0;
			shellPath = /bin/sh;
			shellScript = "\"${PODS_ROOT}/Target Support Files/Pods-EthereumSigner/Pods-EthereumSigner-frameworks.sh\"\n";
			showEnvVarsInLog = 0;
		};
		B99D4ABC11C6FAB61DC672D3 /* [CP] Check Pods Manifest.lock */ = {
			isa = PBXShellScriptBuildPhase;
			buildActionMask = 2147483647;
			files = (
			);
			inputFileListPaths = (
			);
			inputPaths = (
				"${PODS_PODFILE_DIR_PATH}/Podfile.lock",
				"${PODS_ROOT}/Manifest.lock",
			);
			name = "[CP] Check Pods Manifest.lock";
			outputFileListPaths = (
			);
			outputPaths = (
				"$(DERIVED_FILE_DIR)/Pods-EthereumSigner-checkManifestLockResult.txt",
			);
			runOnlyForDeploymentPostprocessing = 0;
			shellPath = /bin/sh;
			shellScript = "diff \"${PODS_PODFILE_DIR_PATH}/Podfile.lock\" \"${PODS_ROOT}/Manifest.lock\" > /dev/null\nif [ $? != 0 ] ; then\n    # print error to STDERR\n    echo \"error: The sandbox is not in sync with the Podfile.lock. Run 'pod install' or update your CocoaPods installation.\" >&2\n    exit 1\nfi\n# This output is used by Xcode 'outputs' to avoid re-running this script phase.\necho \"SUCCESS\" > \"${SCRIPT_OUTPUT_FILE_0}\"\n";
			showEnvVarsInLog = 0;
		};
/* End PBXShellScriptBuildPhase section */

/* Begin PBXSourcesBuildPhase section */
		9F1E818723EED47900F0969D /* Sources */ = {
			isa = PBXSourcesBuildPhase;
			buildActionMask = 2147483647;
			files = (
				9FAE317E23EEE6A2004F3D72 /* SigningInteractor.swift in Sources */,
				9F054E2223FB3BAA002CBC20 /* AccountTable.swift in Sources */,
				9F8ADFDE23F97FAA0075FBA3 /* Web3Manager.swift in Sources */,
				9FAE319B23EEE6B9004F3D72 /* VerificationConfigurator.swift in Sources */,
				9F7F981B23F9FBAE00C2D0A9 /* DataExtensions.swift in Sources */,
				9FAE317D23EEE6A2004F3D72 /* SigningViewController.swift in Sources */,
				9FAE317923EEE6A2004F3D72 /* SigningPresenter.swift in Sources */,
				9FAE317C23EEE6A2004F3D72 /* SigningModels.swift in Sources */,
				9F054E2423FB3D5A002CBC20 /* SigningStrings.swift in Sources */,
				9F054E1023FB2D9A002CBC20 /* SetupTable.swift in Sources */,
				9F8ADFE323F996980075FBA3 /* UIViewControllerExtensions.swift in Sources */,
				9F8ADFE123F992AF0075FBA3 /* UIViewStyle.swift in Sources */,
				9FAE316D23EEE695004F3D72 /* AccountRouter.swift in Sources */,
				9FAE316C23EEE695004F3D72 /* AccountWorker.swift in Sources */,
				9FAE318A23EEE6AE004F3D72 /* SignatureModels.swift in Sources */,
				9FAE31A423EEE6C6004F3D72 /* QRCodeScannerWorker.swift in Sources */,
				9FAE316F23EEE695004F3D72 /* AccountViewController.swift in Sources */,
				9FAE318923EEE6AE004F3D72 /* SignatureRouter.swift in Sources */,
				9F8ADFDB23F95BF00075FBA3 /* ValidatableTextFieldConfiguration.swift in Sources */,
				9F1E819323EED47900F0969D /* ViewController.swift in Sources */,
				9F8ADFD823F94F830075FBA3 /* StringExtensions.swift in Sources */,
				9FAE319523EEE6B9004F3D72 /* VerificationPresenter.swift in Sources */,
				9FAE31A523EEE6C6004F3D72 /* QRCodeScannerRouter.swift in Sources */,
				9FAE317123EEE695004F3D72 /* AccountConfigurator.swift in Sources */,
				9FAE31A323EEE6C6004F3D72 /* QRCodeScannerPresenter.swift in Sources */,
				9FAE319923EEE6B9004F3D72 /* VerificationViewController.swift in Sources */,
				9FAE31A723EEE6C6004F3D72 /* QRCodeScannerViewController.swift in Sources */,
				9FAE318C23EEE6AE004F3D72 /* SignatureInteractor.swift in Sources */,
				9F1E818F23EED47900F0969D /* AppDelegate.swift in Sources */,
				9FAE318D23EEE6AE004F3D72 /* SignatureConfigurator.swift in Sources */,
				9FAE31A623EEE6C6004F3D72 /* QRCodeScannerModels.swift in Sources */,
				9F054E2A23FB3EB8002CBC20 /* SignatureStrings.swift in Sources */,
				9FAE315F23EEE68A004F3D72 /* SetupRouter.swift in Sources */,
				9FAE319A23EEE6B9004F3D72 /* VerificationInteractor.swift in Sources */,
				9FAE319623EEE6B9004F3D72 /* VerificationWorker.swift in Sources */,
				9FAE315D23EEE68A004F3D72 /* SetupPresenter.swift in Sources */,
				9FAE319823EEE6B9004F3D72 /* VerificationModels.swift in Sources */,
				9F054E1223FB2E2D002CBC20 /* Localizable.swift in Sources */,
				9FAE316E23EEE695004F3D72 /* AccountModels.swift in Sources */,
				9FAE319723EEE6B9004F3D72 /* VerificationRouter.swift in Sources */,
				9FAE31A823EEE6C6004F3D72 /* QRCodeScannerInteractor.swift in Sources */,
				9FAE318723EEE6AE004F3D72 /* SignaturePresenter.swift in Sources */,
				9F054E3223FB4064002CBC20 /* QRCodeScannerStrings.swift in Sources */,
				9FAE317023EEE695004F3D72 /* AccountInteractor.swift in Sources */,
				9FAE316223EEE68A004F3D72 /* SetupInteractor.swift in Sources */,
				9FAE315E23EEE68A004F3D72 /* SetupWorker.swift in Sources */,
				9F054E0B23FB2497002CBC20 /* KeychainManager.swift in Sources */,
				9FAE317B23EEE6A2004F3D72 /* SigningRouter.swift in Sources */,
				9FAE316B23EEE695004F3D72 /* AccountPresenter.swift in Sources */,
				9FAE316023EEE68A004F3D72 /* SetupModels.swift in Sources */,
				9F054E0D23FB25D7002CBC20 /* RoutingService.swift in Sources */,
				9FAE316123EEE68A004F3D72 /* SetupViewController.swift in Sources */,
				9FAE317F23EEE6A2004F3D72 /* SigningConfigurator.swift in Sources */,
				9F054E3623FB4119002CBC20 /* ErrorsStrings.swift in Sources */,
				9FAE316323EEE68A004F3D72 /* SetupConfigurator.swift in Sources */,
				9FAE318B23EEE6AE004F3D72 /* SignatureViewController.swift in Sources */,
				9FAE31A923EEE6C6004F3D72 /* QRCodeScannerConfigurator.swift in Sources */,
				9FAE318823EEE6AE004F3D72 /* SignatureWorker.swift in Sources */,
				9FAE317A23EEE6A2004F3D72 /* SigningWorker.swift in Sources */,
				9F054E2E23FB3FAB002CBC20 /* VerificationStrings.swift in Sources */,
			);
			runOnlyForDeploymentPostprocessing = 0;
		};
/* End PBXSourcesBuildPhase section */

/* Begin PBXVariantGroup section */
		9F1E819923EED47A00F0969D /* LaunchScreen.storyboard */ = {
			isa = PBXVariantGroup;
			children = (
				9F1E819A23EED47A00F0969D /* Base */,
			);
			name = LaunchScreen.storyboard;
			sourceTree = "<group>";
		};
/* End PBXVariantGroup section */

/* Begin XCBuildConfiguration section */
		9F1E819D23EED47A00F0969D /* Debug */ = {
			isa = XCBuildConfiguration;
			buildSettings = {
				ALWAYS_SEARCH_USER_PATHS = NO;
				CLANG_ANALYZER_NONNULL = YES;
				CLANG_ANALYZER_NUMBER_OBJECT_CONVERSION = YES_AGGRESSIVE;
				CLANG_CXX_LANGUAGE_STANDARD = "gnu++14";
				CLANG_CXX_LIBRARY = "libc++";
				CLANG_ENABLE_MODULES = YES;
				CLANG_ENABLE_OBJC_ARC = YES;
				CLANG_ENABLE_OBJC_WEAK = YES;
				CLANG_WARN_BLOCK_CAPTURE_AUTORELEASING = YES;
				CLANG_WARN_BOOL_CONVERSION = YES;
				CLANG_WARN_COMMA = YES;
				CLANG_WARN_CONSTANT_CONVERSION = YES;
				CLANG_WARN_DEPRECATED_OBJC_IMPLEMENTATIONS = YES;
				CLANG_WARN_DIRECT_OBJC_ISA_USAGE = YES_ERROR;
				CLANG_WARN_DOCUMENTATION_COMMENTS = YES;
				CLANG_WARN_EMPTY_BODY = YES;
				CLANG_WARN_ENUM_CONVERSION = YES;
				CLANG_WARN_INFINITE_RECURSION = YES;
				CLANG_WARN_INT_CONVERSION = YES;
				CLANG_WARN_NON_LITERAL_NULL_CONVERSION = YES;
				CLANG_WARN_OBJC_IMPLICIT_RETAIN_SELF = YES;
				CLANG_WARN_OBJC_LITERAL_CONVERSION = YES;
				CLANG_WARN_OBJC_ROOT_CLASS = YES_ERROR;
				CLANG_WARN_RANGE_LOOP_ANALYSIS = YES;
				CLANG_WARN_STRICT_PROTOTYPES = YES;
				CLANG_WARN_SUSPICIOUS_MOVE = YES;
				CLANG_WARN_UNGUARDED_AVAILABILITY = YES_AGGRESSIVE;
				CLANG_WARN_UNREACHABLE_CODE = YES;
				CLANG_WARN__DUPLICATE_METHOD_MATCH = YES;
				COPY_PHASE_STRIP = NO;
				DEBUG_INFORMATION_FORMAT = dwarf;
				ENABLE_STRICT_OBJC_MSGSEND = YES;
				ENABLE_TESTABILITY = YES;
				GCC_C_LANGUAGE_STANDARD = gnu11;
				GCC_DYNAMIC_NO_PIC = NO;
				GCC_NO_COMMON_BLOCKS = YES;
				GCC_OPTIMIZATION_LEVEL = 0;
				GCC_PREPROCESSOR_DEFINITIONS = (
					"DEBUG=1",
					"$(inherited)",
				);
				GCC_WARN_64_TO_32_BIT_CONVERSION = YES;
				GCC_WARN_ABOUT_RETURN_TYPE = YES_ERROR;
				GCC_WARN_UNDECLARED_SELECTOR = YES;
				GCC_WARN_UNINITIALIZED_AUTOS = YES_AGGRESSIVE;
				GCC_WARN_UNUSED_FUNCTION = YES;
				GCC_WARN_UNUSED_VARIABLE = YES;
				IPHONEOS_DEPLOYMENT_TARGET = 13.2;
				MTL_ENABLE_DEBUG_INFO = INCLUDE_SOURCE;
				MTL_FAST_MATH = YES;
				ONLY_ACTIVE_ARCH = YES;
				SDKROOT = iphoneos;
				SWIFT_ACTIVE_COMPILATION_CONDITIONS = DEBUG;
				SWIFT_OPTIMIZATION_LEVEL = "-Onone";
			};
			name = Debug;
		};
		9F1E819E23EED47A00F0969D /* Release */ = {
			isa = XCBuildConfiguration;
			buildSettings = {
				ALWAYS_SEARCH_USER_PATHS = NO;
				CLANG_ANALYZER_NONNULL = YES;
				CLANG_ANALYZER_NUMBER_OBJECT_CONVERSION = YES_AGGRESSIVE;
				CLANG_CXX_LANGUAGE_STANDARD = "gnu++14";
				CLANG_CXX_LIBRARY = "libc++";
				CLANG_ENABLE_MODULES = YES;
				CLANG_ENABLE_OBJC_ARC = YES;
				CLANG_ENABLE_OBJC_WEAK = YES;
				CLANG_WARN_BLOCK_CAPTURE_AUTORELEASING = YES;
				CLANG_WARN_BOOL_CONVERSION = YES;
				CLANG_WARN_COMMA = YES;
				CLANG_WARN_CONSTANT_CONVERSION = YES;
				CLANG_WARN_DEPRECATED_OBJC_IMPLEMENTATIONS = YES;
				CLANG_WARN_DIRECT_OBJC_ISA_USAGE = YES_ERROR;
				CLANG_WARN_DOCUMENTATION_COMMENTS = YES;
				CLANG_WARN_EMPTY_BODY = YES;
				CLANG_WARN_ENUM_CONVERSION = YES;
				CLANG_WARN_INFINITE_RECURSION = YES;
				CLANG_WARN_INT_CONVERSION = YES;
				CLANG_WARN_NON_LITERAL_NULL_CONVERSION = YES;
				CLANG_WARN_OBJC_IMPLICIT_RETAIN_SELF = YES;
				CLANG_WARN_OBJC_LITERAL_CONVERSION = YES;
				CLANG_WARN_OBJC_ROOT_CLASS = YES_ERROR;
				CLANG_WARN_RANGE_LOOP_ANALYSIS = YES;
				CLANG_WARN_STRICT_PROTOTYPES = YES;
				CLANG_WARN_SUSPICIOUS_MOVE = YES;
				CLANG_WARN_UNGUARDED_AVAILABILITY = YES_AGGRESSIVE;
				CLANG_WARN_UNREACHABLE_CODE = YES;
				CLANG_WARN__DUPLICATE_METHOD_MATCH = YES;
				COPY_PHASE_STRIP = NO;
				DEBUG_INFORMATION_FORMAT = "dwarf-with-dsym";
				ENABLE_NS_ASSERTIONS = NO;
				ENABLE_STRICT_OBJC_MSGSEND = YES;
				GCC_C_LANGUAGE_STANDARD = gnu11;
				GCC_NO_COMMON_BLOCKS = YES;
				GCC_WARN_64_TO_32_BIT_CONVERSION = YES;
				GCC_WARN_ABOUT_RETURN_TYPE = YES_ERROR;
				GCC_WARN_UNDECLARED_SELECTOR = YES;
				GCC_WARN_UNINITIALIZED_AUTOS = YES_AGGRESSIVE;
				GCC_WARN_UNUSED_FUNCTION = YES;
				GCC_WARN_UNUSED_VARIABLE = YES;
				IPHONEOS_DEPLOYMENT_TARGET = 13.2;
				MTL_ENABLE_DEBUG_INFO = NO;
				MTL_FAST_MATH = YES;
				SDKROOT = iphoneos;
				SWIFT_COMPILATION_MODE = wholemodule;
				SWIFT_OPTIMIZATION_LEVEL = "-O";
				VALIDATE_PRODUCT = YES;
			};
			name = Release;
		};
		9F1E81A023EED47A00F0969D /* Debug */ = {
			isa = XCBuildConfiguration;
			baseConfigurationReference = 494667A796BED8369D5544C7 /* Pods-EthereumSigner.debug.xcconfig */;
			buildSettings = {
				ASSETCATALOG_COMPILER_APPICON_NAME = AppIcon;
				CODE_SIGN_STYLE = Automatic;
				DEVELOPMENT_TEAM = 847623UFJR;
				INFOPLIST_FILE = EthereumSigner/Info.plist;
				IPHONEOS_DEPLOYMENT_TARGET = 11.0;
				LD_RUNPATH_SEARCH_PATHS = (
					"$(inherited)",
					"@executable_path/Frameworks",
				);
				PRODUCT_BUNDLE_IDENTIFIER = com.ljubinkovicdj93.EthereumSigner;
				PRODUCT_NAME = "$(TARGET_NAME)";
				SWIFT_VERSION = 5.0;
				TARGETED_DEVICE_FAMILY = "1,2";
			};
			name = Debug;
		};
		9F1E81A123EED47A00F0969D /* Release */ = {
			isa = XCBuildConfiguration;
			baseConfigurationReference = 8BF10A22CF6AA96B843E6783 /* Pods-EthereumSigner.release.xcconfig */;
			buildSettings = {
				ASSETCATALOG_COMPILER_APPICON_NAME = AppIcon;
				CODE_SIGN_STYLE = Automatic;
				DEVELOPMENT_TEAM = 847623UFJR;
				INFOPLIST_FILE = EthereumSigner/Info.plist;
				IPHONEOS_DEPLOYMENT_TARGET = 11.0;
				LD_RUNPATH_SEARCH_PATHS = (
					"$(inherited)",
					"@executable_path/Frameworks",
				);
				PRODUCT_BUNDLE_IDENTIFIER = com.ljubinkovicdj93.EthereumSigner;
				PRODUCT_NAME = "$(TARGET_NAME)";
				SWIFT_VERSION = 5.0;
				TARGETED_DEVICE_FAMILY = "1,2";
			};
			name = Release;
		};
/* End XCBuildConfiguration section */

/* Begin XCConfigurationList section */
		9F1E818623EED47900F0969D /* Build configuration list for PBXProject "EthereumSigner" */ = {
			isa = XCConfigurationList;
			buildConfigurations = (
				9F1E819D23EED47A00F0969D /* Debug */,
				9F1E819E23EED47A00F0969D /* Release */,
			);
			defaultConfigurationIsVisible = 0;
			defaultConfigurationName = Release;
		};
		9F1E819F23EED47A00F0969D /* Build configuration list for PBXNativeTarget "EthereumSigner" */ = {
			isa = XCConfigurationList;
			buildConfigurations = (
				9F1E81A023EED47A00F0969D /* Debug */,
				9F1E81A123EED47A00F0969D /* Release */,
			);
			defaultConfigurationIsVisible = 0;
			defaultConfigurationName = Release;
		};
/* End XCConfigurationList section */
	};
	rootObject = 9F1E818323EED47900F0969D /* Project object */;
}
